# This file is generated by `zrail update`; do not edit by hand.
schema = 2
semantics = 3
producer = "0.0.3-rc.4"
contract_sha256 = "865d22826ed17c7a626a89b5106f3dd3ca5ddf10a671b608a8553c6cbec7be9c"
ratchet = []

[analysis]
inventory_sha256 = "f84362fae57d6c02dd029f6bde696561b1db32ea66a64f451adc0122a9bbcc6a"
exclusions_sha256 = "e3b0c44298fc1c149afbf4c8996fb92427ae41e4649b934ca495991b7852b855"
cargo_lock_sha256 = "592812c0c5f0570d5650f3b55a713695772eab410d55aa50f1ab170d8bd776a1"
packages = 4
targets = 46
physical_rust_files = 211
base_source_contexts = 380
derived_source_contexts = 0
source_facts = 72185
projection_queries = 0
projected_facts = 0
unresolved_bindings = 0
analyzer_semantics = 3

[[analysis.contract_source]]
path = "zrail.toml"
sha256 = "c5a7da1f82ab771ca4192084d709ff725478779e803643e9f24600b18dabd194"

[[package]]
name = "bornera"

[[package.dependency]]
alias = "bornera-core"
name = "bornera-core"
crate_root = "bornera_core"
kind = "normal"
scope = "internal"
optional = false
default_features = true

[package.dependency.source]
kind = "workspace-member"
directory = "crates/bornera-core"
requirement = "=0.0.1-rc.3"

[[package.dependency]]
alias = "bytes"
name = "bytes"
kind = "normal"
scope = "external"
optional = false
default_features = true

[package.dependency.source]
kind = "registry"
requirement = "1.11.1"

[[package.dependency]]
alias = "calandria"
name = "calandria"
crate_root = "calandria"
kind = "normal"
scope = "external"
optional = false
default_features = false
features = ["std"]

[package.dependency.source]
kind = "registry"
requirement = "=0.0.1-rc.2"

[[package.dependency]]
alias = "calandria-mio"
name = "calandria-mio"
crate_root = "calandria_mio"
kind = "normal"
scope = "external"
optional = false
default_features = true

[package.dependency.source]
kind = "registry"
requirement = "=0.0.1-rc.2"

[[package.dependency]]
alias = "mio"
name = "mio"
crate_root = "mio"
kind = "normal"
scope = "external"
optional = false
default_features = false
features = ["net"]

[package.dependency.source]
kind = "registry"
requirement = "1.2.2"

[[package.dependency]]
alias = "socket2"
name = "socket2"
crate_root = "socket2"
kind = "normal"
scope = "external"
optional = false
default_features = true

[package.dependency.source]
kind = "registry"
requirement = "0.6.5"

[[package]]
name = "bornera-core"

[[package.dependency]]
alias = "bytebudget"
name = "bytebudget"
crate_root = "bytebudget"
kind = "normal"
scope = "external"
optional = false
default_features = true

[package.dependency.source]
kind = "registry"
requirement = "=0.0.1-rc.1"

[[package.dependency]]
alias = "calandria"
name = "calandria"
crate_root = "calandria"
kind = "normal"
scope = "external"
optional = false
default_features = false

[package.dependency.source]
kind = "registry"
requirement = "=0.0.1-rc.2"

[[package]]
name = "bornera-rustls"

[[package.dependency]]
alias = "bornera"
name = "bornera"
crate_root = "bornera"
kind = "normal"
scope = "internal"
optional = false
default_features = true

[package.dependency.source]
kind = "workspace-member"
directory = "crates/bornera"
requirement = "=0.0.1-rc.3"

[[package.dependency]]
alias = "bornera-core"
name = "bornera-core"
crate_root = "bornera_core"
kind = "development"
scope = "internal"
optional = false
default_features = true

[package.dependency.source]
kind = "workspace-member"
directory = "crates/bornera-core"
requirement = "=0.0.1-rc.3"

[[package.dependency]]
alias = "calandria"
name = "calandria"
crate_root = "calandria"
kind = "normal"
scope = "external"
optional = false
default_features = false
features = ["std"]

[package.dependency.source]
kind = "registry"
requirement = "=0.0.1-rc.2"

[[package.dependency]]
alias = "mio"
name = "mio"
crate_root = "mio"
kind = "normal"
scope = "external"
optional = false
default_features = false
features = ["net"]

[package.dependency.source]
kind = "registry"
requirement = "1.2.2"

[[package.dependency]]
alias = "rcgen"
name = "rcgen"
crate_root = "rcgen"
kind = "development"
scope = "external"
optional = false
default_features = false
features = ["ring"]

[package.dependency.source]
kind = "registry"
requirement = "=0.14.8"

[[package.dependency]]
alias = "rustls"
name = "rustls"
crate_root = "rustls"
kind = "normal"
scope = "external"
optional = false
default_features = false
features = [
    "ring",
    "std",
    "tls12",
]

[package.dependency.source]
kind = "registry"
requirement = "=0.23.43"

[[package.dependency]]
alias = "socket2"
name = "socket2"
crate_root = "socket2"
kind = "normal"
scope = "external"
optional = false
default_features = true

[package.dependency.source]
kind = "registry"
requirement = "0.6.5"

[[package]]
name = "bornera-sim"

[[package.dependency]]
alias = "bornera"
name = "bornera"
crate_root = "bornera"
kind = "normal"
scope = "internal"
optional = false
default_features = true

[package.dependency.source]
kind = "workspace-member"
directory = "crates/bornera"
requirement = "=0.0.1-rc.3"

[[package.dependency]]
alias = "bornera-core"
name = "bornera-core"
crate_root = "bornera_core"
kind = "normal"
scope = "internal"
optional = false
default_features = true

[package.dependency.source]
kind = "workspace-member"
directory = "crates/bornera-core"
requirement = "=0.0.1-rc.3"

[[package.dependency]]
alias = "calandria"
name = "calandria"
crate_root = "calandria"
kind = "normal"
scope = "external"
optional = false
default_features = false

[package.dependency.source]
kind = "registry"
requirement = "=0.0.1-rc.2"

[[package.dependency]]
alias = "calandria-sim"
name = "calandria-sim"
crate_root = "calandria_sim"
kind = "normal"
scope = "external"
optional = false
default_features = true

[package.dependency.source]
kind = "registry"
requirement = "=0.0.1-rc.2"
