# This file is generated by `zrail update`; do not edit by hand.
schema = 1
semantics = 2
producer = "0.0.2"
contract_sha256 = "3bee86ca7c06aed7545da33d041a09139066af8f88cc9a26668d8f8a85e08366"
ratchet = []

[[package]]
name = "bornera"

[[package.dependency]]
alias = "bornera-core"
name = "bornera-core"
crate_root = "bornera_core"
kind = "normal"
scope = "internal"
optional = false
default_features = true

[package.dependency.source]
kind = "workspace-member"
directory = "crates/bornera-core"
requirement = "=0.0.1"

[[package.dependency]]
alias = "bytes"
name = "bytes"
kind = "normal"
scope = "external"
optional = false
default_features = true

[package.dependency.source]
kind = "registry"
requirement = "1.11.1"

[[package.dependency]]
alias = "calandria"
name = "calandria"
kind = "normal"
scope = "external"
optional = false
default_features = false
features = ["std"]

[package.dependency.source]
kind = "registry"
requirement = "=0.0.1-rc.1"

[[package.dependency]]
alias = "calandria-mio"
name = "calandria-mio"
crate_root = "calandria_mio"
kind = "normal"
scope = "external"
optional = false
default_features = true

[package.dependency.source]
kind = "registry"
requirement = "=0.0.1-rc.1"

[[package.dependency]]
alias = "mio"
name = "mio"
crate_root = "mio"
kind = "normal"
scope = "external"
optional = false
default_features = false
features = ["net"]

[package.dependency.source]
kind = "registry"
requirement = "1.2.2"

[[package]]
name = "bornera-core"

[[package.dependency]]
alias = "calandria"
name = "calandria"
kind = "normal"
scope = "external"
optional = false
default_features = false

[package.dependency.source]
kind = "registry"
requirement = "=0.0.1-rc.1"

[[package]]
name = "bornera-sim"
dependency = []
