# This file is generated by `zrail update`; do not edit by hand.
schema = 1
semantics = 2
producer = "0.0.2"
contract_sha256 = "6be3df6eff3b59be052f7e4741477b545a43b7d9157b2ca1c8b8924ceea85fc7"
ratchet = []

[[package]]
name = "bornera"

[[package.dependency]]
alias = "bornera-core"
name = "bornera-core"
crate_root = "bornera_core"
kind = "normal"
scope = "internal"
optional = false
default_features = true

[package.dependency.source]
kind = "workspace-member"
directory = "crates/bornera-core"
requirement = "=0.0.1-rc.2"

[[package.dependency]]
alias = "bytes"
name = "bytes"
kind = "normal"
scope = "external"
optional = false
default_features = true

[package.dependency.source]
kind = "registry"
requirement = "1.11.1"

[[package.dependency]]
alias = "calandria"
name = "calandria"
crate_root = "calandria"
kind = "normal"
scope = "external"
optional = false
default_features = false
features = ["std"]

[package.dependency.source]
kind = "registry"
requirement = "=0.0.1-rc.2"

[[package.dependency]]
alias = "calandria-mio"
name = "calandria-mio"
crate_root = "calandria_mio"
kind = "normal"
scope = "external"
optional = false
default_features = true

[package.dependency.source]
kind = "registry"
requirement = "=0.0.1-rc.2"

[[package.dependency]]
alias = "mio"
name = "mio"
crate_root = "mio"
kind = "normal"
scope = "external"
optional = false
default_features = false
features = ["net"]

[package.dependency.source]
kind = "registry"
requirement = "1.2.2"

[[package.dependency]]
alias = "socket2"
name = "socket2"
crate_root = "socket2"
kind = "normal"
scope = "external"
optional = false
default_features = true

[package.dependency.source]
kind = "registry"
requirement = "0.6.5"

[[package]]
name = "bornera-core"

[[package.dependency]]
alias = "calandria"
name = "calandria"
crate_root = "calandria"
kind = "normal"
scope = "external"
optional = false
default_features = false

[package.dependency.source]
kind = "registry"
requirement = "=0.0.1-rc.2"

[[package]]
name = "bornera-sim"

[[package.dependency]]
alias = "bornera"
name = "bornera"
crate_root = "bornera"
kind = "normal"
scope = "internal"
optional = false
default_features = true

[package.dependency.source]
kind = "workspace-member"
directory = "crates/bornera"
requirement = "=0.0.1-rc.2"

[[package.dependency]]
alias = "bornera-core"
name = "bornera-core"
crate_root = "bornera_core"
kind = "normal"
scope = "internal"
optional = false
default_features = true

[package.dependency.source]
kind = "workspace-member"
directory = "crates/bornera-core"
requirement = "=0.0.1-rc.2"

[[package.dependency]]
alias = "calandria"
name = "calandria"
crate_root = "calandria"
kind = "normal"
scope = "external"
optional = false
default_features = false

[package.dependency.source]
kind = "registry"
requirement = "=0.0.1-rc.2"

[[package.dependency]]
alias = "calandria-sim"
name = "calandria-sim"
crate_root = "calandria_sim"
kind = "normal"
scope = "external"
optional = false
default_features = true

[package.dependency.source]
kind = "registry"
requirement = "=0.0.1-rc.2"
